
Microsoft Visual Studio Solution File, Format Version 12.00
# Visual Studio Version 17
VisualStudioVersion = 17.14.36414.22 d17.14
MinimumVisualStudioVersion = 10.0.40219.1
Project("{FAE04EC0-301F-11D3-BF4B-00C04F79EFBC}") = "Snake-Game", "Snake-Game\Snake-Game.csproj", "{940915AB-9827-4F2B-9CC7-9F78AB58006C}"
EndProject
Global
	GlobalSection(SolutionConfigurationPlatforms) = preSolution
		Debug|Any CPU = Debug|Any CPU
		Release|Any CPU = Release|Any CPU
	EndGlobalSection
	GlobalSection(ProjectConfigurationPlatforms) = postSolution
		{940915AB-9827-4F2B-9CC7-9F78AB58006C}.Debug|Any CPU.ActiveCfg = Debug|Any CPU
		{940915AB-9827-4F2B-9CC7-9F78AB58006C}.Debug|Any CPU.Build.0 = Debug|Any CPU
		{940915AB-9827-4F2B-9CC7-9F78AB58006C}.Release|Any CPU.ActiveCfg = Release|Any CPU
		{940915AB-9827-4F2B-9CC7-9F78AB58006C}.Release|Any CPU.Build.0 = Release|Any CPU
	EndGlobalSection
	GlobalSection(SolutionProperties) = preSolution
		HideSolutionNode = FALSE
	EndGlobalSection
	GlobalSection(ExtensibilityGlobals) = postSolution
		SolutionGuid = {F21074FD-6C77-4FA9-B039-9574B00449E5}
	EndGlobalSection
EndGlobal
